
Microsoft Visual Studio Solution File, Format Version 12.00
# Visual Studio Version 16
VisualStudioVersion = 25.0.1703.2
MinimumVisualStudioVersion = 10.0.40219.1
Project("{FAE04EC0-301F-11D3-BF4B-00C04F79EFBC}") = "Karim_Mandelbrot", "Karim_Mandelbrot\Karim_Mandelbrot.csproj", "{4683AC2E-5B89-4E9D-B535-8D02469ABCEF}"
EndProject
Global
	GlobalSection(SolutionConfigurationPlatforms) = preSolution
		Debug|Any CPU = Debug|Any CPU
		Release|Any CPU = Release|Any CPU
	EndGlobalSection
	GlobalSection(ProjectConfigurationPlatforms) = postSolution
		{4683AC2E-5B89-4E9D-B535-8D02469ABCEF}.Debug|Any CPU.ActiveCfg = Debug|Any CPU
		{4683AC2E-5B89-4E9D-B535-8D02469ABCEF}.Debug|Any CPU.Build.0 = Debug|Any CPU
		{4683AC2E-5B89-4E9D-B535-8D02469ABCEF}.Release|Any CPU.ActiveCfg = Release|Any CPU
		{4683AC2E-5B89-4E9D-B535-8D02469ABCEF}.Release|Any CPU.Build.0 = Release|Any CPU
	EndGlobalSection
	GlobalSection(SolutionProperties) = preSolution
		HideSolutionNode = FALSE
	EndGlobalSection
	GlobalSection(ExtensibilityGlobals) = postSolution
		SolutionGuid = {7F0BD5B4-BCDD-4580-A441-F86DE382FBF7}
	EndGlobalSection
EndGlobal
