
Microsoft Visual Studio Solution File, Format Version 12.00
# Visual Studio Version 16
VisualStudioVersion = 25.0.1703.2
MinimumVisualStudioVersion = 10.0.40219.1
Project("{FAE04EC0-301F-11D3-BF4B-00C04F79EFBC}") = "karim_pe3", "karim_pe3\karim_pe3.csproj", "{5A4D212B-2762-4916-B9F0-6D70009D33EB}"
EndProject
Global
	GlobalSection(SolutionConfigurationPlatforms) = preSolution
		Debug|Any CPU = Debug|Any CPU
		Release|Any CPU = Release|Any CPU
	EndGlobalSection
	GlobalSection(ProjectConfigurationPlatforms) = postSolution
		{5A4D212B-2762-4916-B9F0-6D70009D33EB}.Debug|Any CPU.ActiveCfg = Debug|Any CPU
		{5A4D212B-2762-4916-B9F0-6D70009D33EB}.Debug|Any CPU.Build.0 = Debug|Any CPU
		{5A4D212B-2762-4916-B9F0-6D70009D33EB}.Release|Any CPU.ActiveCfg = Release|Any CPU
		{5A4D212B-2762-4916-B9F0-6D70009D33EB}.Release|Any CPU.Build.0 = Release|Any CPU
	EndGlobalSection
	GlobalSection(SolutionProperties) = preSolution
		HideSolutionNode = FALSE
	EndGlobalSection
	GlobalSection(ExtensibilityGlobals) = postSolution
		SolutionGuid = {D1A23004-F878-4389-970C-55823D92EA80}
	EndGlobalSection
EndGlobal
