
Microsoft Visual Studio Solution File, Format Version 12.00
# Visual Studio Version 17
VisualStudioVersion = 17.4.33205.214
MinimumVisualStudioVersion = 10.0.40219.1
Project("{FAE04EC0-301F-11D3-BF4B-00C04F79EFBC}") = "karim-groupProjectModule", "karim-groupProjectModule.csproj", "{56503E7C-4728-4EF1-811D-62CE24CB810B}"
EndProject
Global
	GlobalSection(SolutionConfigurationPlatforms) = preSolution
		Debug|Any CPU = Debug|Any CPU
		Release|Any CPU = Release|Any CPU
	EndGlobalSection
	GlobalSection(ProjectConfigurationPlatforms) = postSolution
		{56503E7C-4728-4EF1-811D-62CE24CB810B}.Debug|Any CPU.ActiveCfg = Debug|Any CPU
		{56503E7C-4728-4EF1-811D-62CE24CB810B}.Debug|Any CPU.Build.0 = Debug|Any CPU
		{56503E7C-4728-4EF1-811D-62CE24CB810B}.Release|Any CPU.ActiveCfg = Release|Any CPU
		{56503E7C-4728-4EF1-811D-62CE24CB810B}.Release|Any CPU.Build.0 = Release|Any CPU
	EndGlobalSection
	GlobalSection(SolutionProperties) = preSolution
		HideSolutionNode = FALSE
	EndGlobalSection
	GlobalSection(ExtensibilityGlobals) = postSolution
		SolutionGuid = {12E62C8C-C825-449A-BBDB-306F17EA0E65}
	EndGlobalSection
EndGlobal
