
Microsoft Visual Studio Solution File, Format Version 12.00
# Visual Studio Version 16
VisualStudioVersion = 25.0.1704.0
MinimumVisualStudioVersion = 10.0.40219.1
Project("{FAE04EC0-301F-11D3-BF4B-00C04F79EFBC}") = "Digraph_DFS", "Digraph_DFS\Digraph_DFS.csproj", "{14FB9AAB-FF9A-4655-A9A6-9EDE3DAE6199}"
EndProject
Global
	GlobalSection(SolutionConfigurationPlatforms) = preSolution
		Debug|Any CPU = Debug|Any CPU
		Release|Any CPU = Release|Any CPU
	EndGlobalSection
	GlobalSection(ProjectConfigurationPlatforms) = postSolution
		{14FB9AAB-FF9A-4655-A9A6-9EDE3DAE6199}.Debug|Any CPU.ActiveCfg = Debug|Any CPU
		{14FB9AAB-FF9A-4655-A9A6-9EDE3DAE6199}.Debug|Any CPU.Build.0 = Debug|Any CPU
		{14FB9AAB-FF9A-4655-A9A6-9EDE3DAE6199}.Release|Any CPU.ActiveCfg = Release|Any CPU
		{14FB9AAB-FF9A-4655-A9A6-9EDE3DAE6199}.Release|Any CPU.Build.0 = Release|Any CPU
	EndGlobalSection
	GlobalSection(SolutionProperties) = preSolution
		HideSolutionNode = FALSE
	EndGlobalSection
	GlobalSection(ExtensibilityGlobals) = postSolution
		SolutionGuid = {55D91778-BD63-4132-AA5C-681E16FA6751}
	EndGlobalSection
EndGlobal
