
Microsoft Visual Studio Solution File, Format Version 12.00
# Visual Studio Version 16
VisualStudioVersion = 25.0.1703.6
MinimumVisualStudioVersion = 10.0.40219.1
Project("{FAE04EC0-301F-11D3-BF4B-00C04F79EFBC}") = "MethodsEnumStruct", "MethodsEnumStruct\MethodsEnumStruct.csproj", "{51DAC550-EAEF-4977-ABE2-41A753A08F5F}"
EndProject
Global
	GlobalSection(SolutionConfigurationPlatforms) = preSolution
		Debug|Any CPU = Debug|Any CPU
		Release|Any CPU = Release|Any CPU
	EndGlobalSection
	GlobalSection(ProjectConfigurationPlatforms) = postSolution
		{51DAC550-EAEF-4977-ABE2-41A753A08F5F}.Debug|Any CPU.ActiveCfg = Debug|Any CPU
		{51DAC550-EAEF-4977-ABE2-41A753A08F5F}.Debug|Any CPU.Build.0 = Debug|Any CPU
		{51DAC550-EAEF-4977-ABE2-41A753A08F5F}.Release|Any CPU.ActiveCfg = Release|Any CPU
		{51DAC550-EAEF-4977-ABE2-41A753A08F5F}.Release|Any CPU.Build.0 = Release|Any CPU
	EndGlobalSection
	GlobalSection(SolutionProperties) = preSolution
		HideSolutionNode = FALSE
	EndGlobalSection
	GlobalSection(ExtensibilityGlobals) = postSolution
		SolutionGuid = {4D7A1F26-E693-4B84-AF78-CC44FB2606BB}
	EndGlobalSection
EndGlobal
