
Microsoft Visual Studio Solution File, Format Version 12.00
# Visual Studio Version 16
VisualStudioVersion = 25.0.1703.8
MinimumVisualStudioVersion = 10.0.40219.1
Project("{FAE04EC0-301F-11D3-BF4B-00C04F79EFBC}") = "q2-timedMathQuiz", "q2-timedMathQuiz\q2-timedMathQuiz.csproj", "{FF936C60-39E8-4009-ADEB-A5E551E75F6E}"
EndProject
Global
	GlobalSection(SolutionConfigurationPlatforms) = preSolution
		Debug|Any CPU = Debug|Any CPU
		Release|Any CPU = Release|Any CPU
	EndGlobalSection
	GlobalSection(ProjectConfigurationPlatforms) = postSolution
		{FF936C60-39E8-4009-ADEB-A5E551E75F6E}.Debug|Any CPU.ActiveCfg = Debug|Any CPU
		{FF936C60-39E8-4009-ADEB-A5E551E75F6E}.Debug|Any CPU.Build.0 = Debug|Any CPU
		{FF936C60-39E8-4009-ADEB-A5E551E75F6E}.Release|Any CPU.ActiveCfg = Release|Any CPU
		{FF936C60-39E8-4009-ADEB-A5E551E75F6E}.Release|Any CPU.Build.0 = Release|Any CPU
	EndGlobalSection
	GlobalSection(SolutionProperties) = preSolution
		HideSolutionNode = FALSE
	EndGlobalSection
	GlobalSection(ExtensibilityGlobals) = postSolution
		SolutionGuid = {949ACF1F-7F39-496C-8581-4FAF5F01CB8E}
	EndGlobalSection
EndGlobal
