
Microsoft Visual Studio Solution File, Format Version 12.00
# Visual Studio Version 16
VisualStudioVersion = 25.0.1703.5
MinimumVisualStudioVersion = 10.0.40219.1
Project("{FAE04EC0-301F-11D3-BF4B-00C04F79EFBC}") = "Karim_Exam1_Q5", "Karim_Exam1_Q5\Karim_Exam1_Q5.csproj", "{2228DA69-C015-4223-9225-766EA7653727}"
EndProject
Global
	GlobalSection(SolutionConfigurationPlatforms) = preSolution
		Debug|Any CPU = Debug|Any CPU
		Release|Any CPU = Release|Any CPU
	EndGlobalSection
	GlobalSection(ProjectConfigurationPlatforms) = postSolution
		{2228DA69-C015-4223-9225-766EA7653727}.Debug|Any CPU.ActiveCfg = Debug|Any CPU
		{2228DA69-C015-4223-9225-766EA7653727}.Debug|Any CPU.Build.0 = Debug|Any CPU
		{2228DA69-C015-4223-9225-766EA7653727}.Release|Any CPU.ActiveCfg = Release|Any CPU
		{2228DA69-C015-4223-9225-766EA7653727}.Release|Any CPU.Build.0 = Release|Any CPU
	EndGlobalSection
	GlobalSection(SolutionProperties) = preSolution
		HideSolutionNode = FALSE
	EndGlobalSection
	GlobalSection(ExtensibilityGlobals) = postSolution
		SolutionGuid = {0ABE4C78-6504-4DE2-BA35-975414CB83E9}
	EndGlobalSection
EndGlobal
