
Microsoft Visual Studio Solution File, Format Version 12.00
# Visual Studio Version 16
VisualStudioVersion = 25.0.1703.8
MinimumVisualStudioVersion = 10.0.40219.1
Project("{FAE04EC0-301F-11D3-BF4B-00C04F79EFBC}") = "Karim_E2_Q14", "Karim_E2_Q14\Karim_E2_Q14.csproj", "{C621F033-3EF6-4F11-AADE-0463F4CE2B9A}"
EndProject
Global
	GlobalSection(SolutionConfigurationPlatforms) = preSolution
		Debug|Any CPU = Debug|Any CPU
		Release|Any CPU = Release|Any CPU
	EndGlobalSection
	GlobalSection(ProjectConfigurationPlatforms) = postSolution
		{C621F033-3EF6-4F11-AADE-0463F4CE2B9A}.Debug|Any CPU.ActiveCfg = Debug|Any CPU
		{C621F033-3EF6-4F11-AADE-0463F4CE2B9A}.Debug|Any CPU.Build.0 = Debug|Any CPU
		{C621F033-3EF6-4F11-AADE-0463F4CE2B9A}.Release|Any CPU.ActiveCfg = Release|Any CPU
		{C621F033-3EF6-4F11-AADE-0463F4CE2B9A}.Release|Any CPU.Build.0 = Release|Any CPU
	EndGlobalSection
	GlobalSection(SolutionProperties) = preSolution
		HideSolutionNode = FALSE
	EndGlobalSection
	GlobalSection(ExtensibilityGlobals) = postSolution
		SolutionGuid = {A517F897-FE28-428B-8207-FAC5DDC6D808}
	EndGlobalSection
EndGlobal
