
Microsoft Visual Studio Solution File, Format Version 12.00
# Visual Studio Version 16
VisualStudioVersion = 25.0.1704.0
MinimumVisualStudioVersion = 10.0.40219.1
Project("{FAE04EC0-301F-11D3-BF4B-00C04F79EFBC}") = "CafeLib", "CafeLib\CafeLib.csproj", "{ADBF7443-026B-48DC-B845-322502900B62}"
EndProject
Global
	GlobalSection(SolutionConfigurationPlatforms) = preSolution
		Debug|Any CPU = Debug|Any CPU
		Release|Any CPU = Release|Any CPU
	EndGlobalSection
	GlobalSection(ProjectConfigurationPlatforms) = postSolution
		{ADBF7443-026B-48DC-B845-322502900B62}.Debug|Any CPU.ActiveCfg = Debug|Any CPU
		{ADBF7443-026B-48DC-B845-322502900B62}.Debug|Any CPU.Build.0 = Debug|Any CPU
		{ADBF7443-026B-48DC-B845-322502900B62}.Release|Any CPU.ActiveCfg = Release|Any CPU
		{ADBF7443-026B-48DC-B845-322502900B62}.Release|Any CPU.Build.0 = Release|Any CPU
	EndGlobalSection
	GlobalSection(SolutionProperties) = preSolution
		HideSolutionNode = FALSE
	EndGlobalSection
	GlobalSection(ExtensibilityGlobals) = postSolution
		SolutionGuid = {763F15A5-E4CC-4D85-A36B-4F003EA877FF}
	EndGlobalSection
EndGlobal
